
Microsoft Visual Studio Solution File, Format Version 12.00
# Visual Studio 15
VisualStudioVersion = 15.0.27703.2035
MinimumVisualStudioVersion = 10.0.40219.1
Project("{FAE04EC0-301F-11D3-BF4B-00C04F79EFBC}") = "Project2016", "Project2016\Project2016.csproj", "{524B11FE-5AE9-492D-B119-F1319A29D908}"
EndProject
Project("{FAE04EC0-301F-11D3-BF4B-00C04F79EFBC}") = "UnitTestAlgorithm", "UnitTestAlgorithm\UnitTestAlgorithm.csproj", "{3156D61C-F05B-4F0C-AD1F-292206E673B9}"
EndProject
Project("{FAE04EC0-301F-11D3-BF4B-00C04F79EFBC}") = "Project2016Tests", "Project2016Tests\Project2016Tests.csproj", "{D47C90E9-8BB6-4E99-ABEB-E5ECD9B759DA}"
EndProject
Global
	GlobalSection(SolutionConfigurationPlatforms) = preSolution
		Debug|Any CPU = Debug|Any CPU
		Release|Any CPU = Release|Any CPU
	EndGlobalSection
	GlobalSection(ProjectConfigurationPlatforms) = postSolution
		{524B11FE-5AE9-492D-B119-F1319A29D908}.Debug|Any CPU.ActiveCfg = Debug|Any CPU
		{524B11FE-5AE9-492D-B119-F1319A29D908}.Debug|Any CPU.Build.0 = Debug|Any CPU
		{524B11FE-5AE9-492D-B119-F1319A29D908}.Release|Any CPU.ActiveCfg = Release|Any CPU
		{524B11FE-5AE9-492D-B119-F1319A29D908}.Release|Any CPU.Build.0 = Release|Any CPU
		{3156D61C-F05B-4F0C-AD1F-292206E673B9}.Debug|Any CPU.ActiveCfg = Debug|Any CPU
		{3156D61C-F05B-4F0C-AD1F-292206E673B9}.Debug|Any CPU.Build.0 = Debug|Any CPU
		{3156D61C-F05B-4F0C-AD1F-292206E673B9}.Release|Any CPU.ActiveCfg = Release|Any CPU
		{3156D61C-F05B-4F0C-AD1F-292206E673B9}.Release|Any CPU.Build.0 = Release|Any CPU
		{D47C90E9-8BB6-4E99-ABEB-E5ECD9B759DA}.Debug|Any CPU.ActiveCfg = Debug|Any CPU
		{D47C90E9-8BB6-4E99-ABEB-E5ECD9B759DA}.Debug|Any CPU.Build.0 = Debug|Any CPU
		{D47C90E9-8BB6-4E99-ABEB-E5ECD9B759DA}.Release|Any CPU.ActiveCfg = Release|Any CPU
		{D47C90E9-8BB6-4E99-ABEB-E5ECD9B759DA}.Release|Any CPU.Build.0 = Release|Any CPU
	EndGlobalSection
	GlobalSection(SolutionProperties) = preSolution
		HideSolutionNode = FALSE
	EndGlobalSection
	GlobalSection(ExtensibilityGlobals) = postSolution
		SolutionGuid = {BCAC8009-952B-4B4C-8216-4628FC619FC6}
	EndGlobalSection
EndGlobal
